
Microsoft Visual Studio Solution File, Format Version 12.00
# Visual Studio 14
VisualStudioVersion = 14.0.24720.0
MinimumVisualStudioVersion = 10.0.40219.1
Project("{FAE04EC0-301F-11D3-BF4B-00C04F79EFBC}") = "NServiceBus.EventStore", "NServiceBus.EventStore\NServiceBus.EventStore.csproj", "{BA731749-22C7-4025-8A4D-465AE8E02E61}"
EndProject
Project("{FAE04EC0-301F-11D3-BF4B-00C04F79EFBC}") = "NServiceBus.EventStore.AcceptanceTests", "NServiceBus.EventStore.AcceptanceTests\NServiceBus.EventStore.AcceptanceTests.csproj", "{CC961210-A74B-4DF1-A0BD-A52E011D3BF9}"
EndProject
Project("{FAE04EC0-301F-11D3-BF4B-00C04F79EFBC}") = "NServiceBus.EventStore.Tests", "NServiceBus.EventStore.Tests\NServiceBus.EventStore.Tests.csproj", "{2D905D67-4682-450C-8013-3C3EB94737CE}"
EndProject
Global
	GlobalSection(SolutionConfigurationPlatforms) = preSolution
		Debug|Any CPU = Debug|Any CPU
		Release|Any CPU = Release|Any CPU
	EndGlobalSection
	GlobalSection(ProjectConfigurationPlatforms) = postSolution
		{BA731749-22C7-4025-8A4D-465AE8E02E61}.Debug|Any CPU.ActiveCfg = Debug|Any CPU
		{BA731749-22C7-4025-8A4D-465AE8E02E61}.Debug|Any CPU.Build.0 = Debug|Any CPU
		{BA731749-22C7-4025-8A4D-465AE8E02E61}.Release|Any CPU.ActiveCfg = Release|Any CPU
		{BA731749-22C7-4025-8A4D-465AE8E02E61}.Release|Any CPU.Build.0 = Release|Any CPU
		{CC961210-A74B-4DF1-A0BD-A52E011D3BF9}.Debug|Any CPU.ActiveCfg = Debug|Any CPU
		{CC961210-A74B-4DF1-A0BD-A52E011D3BF9}.Debug|Any CPU.Build.0 = Debug|Any CPU
		{CC961210-A74B-4DF1-A0BD-A52E011D3BF9}.Release|Any CPU.ActiveCfg = Release|Any CPU
		{CC961210-A74B-4DF1-A0BD-A52E011D3BF9}.Release|Any CPU.Build.0 = Release|Any CPU
		{2D905D67-4682-450C-8013-3C3EB94737CE}.Debug|Any CPU.ActiveCfg = Debug|Any CPU
		{2D905D67-4682-450C-8013-3C3EB94737CE}.Debug|Any CPU.Build.0 = Debug|Any CPU
		{2D905D67-4682-450C-8013-3C3EB94737CE}.Release|Any CPU.ActiveCfg = Release|Any CPU
		{2D905D67-4682-450C-8013-3C3EB94737CE}.Release|Any CPU.Build.0 = Release|Any CPU
	EndGlobalSection
	GlobalSection(SolutionProperties) = preSolution
		HideSolutionNode = FALSE
	EndGlobalSection
EndGlobal
